Microsoft Visual Studio Solution File, Format Version 12.00
# Visual Studio Version 17
VisualStudioVersion = 17.5.2.0
MinimumVisualStudioVersion = 10.0.40219.1
Project("{2150E333-8FDC-42A3-9474-1A3956D46DE8}") = "SavePoint-Momo", "SavePoint-Momo", "{2E25EE5C-E694-B095-B6CB-BD7D982B4212}"
EndProject
Project("{FAE04EC0-301F-11D3-BF4B-00C04F79EFBC}") = "Assembly-CSharp", "SavePoint-Momo\Assembly-CSharp.csproj", "{CAC2DA2F-E1B0-F325-FA97-D1EAFEECF8AD}"
EndProject
Global
	GlobalSection(SolutionConfigurationPlatforms) = preSolution
		Debug|Any CPU = Debug|Any CPU
		Release|Any CPU = Release|Any CPU
	EndGlobalSection
	GlobalSection(ProjectConfigurationPlatforms) = postSolution
		{CAC2DA2F-E1B0-F325-FA97-D1EAFEECF8AD}.Debug|Any CPU.ActiveCfg = Debug|Any CPU
		{CAC2DA2F-E1B0-F325-FA97-D1EAFEECF8AD}.Debug|Any CPU.Build.0 = Debug|Any CPU
		{CAC2DA2F-E1B0-F325-FA97-D1EAFEECF8AD}.Release|Any CPU.ActiveCfg = Release|Any CPU
		{CAC2DA2F-E1B0-F325-FA97-D1EAFEECF8AD}.Release|Any CPU.Build.0 = Release|Any CPU
	EndGlobalSection
	GlobalSection(SolutionProperties) = preSolution
		HideSolutionNode = FALSE
	EndGlobalSection
	GlobalSection(NestedProjects) = preSolution
		{CAC2DA2F-E1B0-F325-FA97-D1EAFEECF8AD} = {2E25EE5C-E694-B095-B6CB-BD7D982B4212}
	EndGlobalSection
	GlobalSection(ExtensibilityGlobals) = postSolution
		SolutionGuid = {83456625-9882-4CD5-B535-ED5DFB9DE078}
	EndGlobalSection
EndGlobal
